
Microsoft Visual Studio Solution File, Format Version 12.00
# Visual Studio Version 17
VisualStudioVersion = 17.5.002.0
MinimumVisualStudioVersion = 10.0.40219.1
Project("{9A19103F-16F7-4668-BE54-9A1E7A4F7556}") = "API_Program", "API_Program.csproj", "{C7F89FB1-2823-4BD2-9DCA-5BB7927BFE8E}"
EndProject
Global
	GlobalSection(SolutionConfigurationPlatforms) = preSolution
		Debug|Any CPU = Debug|Any CPU
		Release|Any CPU = Release|Any CPU
	EndGlobalSection
	GlobalSection(ProjectConfigurationPlatforms) = postSolution
		{C7F89FB1-2823-4BD2-9DCA-5BB7927BFE8E}.Debug|Any CPU.ActiveCfg = Debug|Any CPU
		{C7F89FB1-2823-4BD2-9DCA-5BB7927BFE8E}.Debug|Any CPU.Build.0 = Debug|Any CPU
		{C7F89FB1-2823-4BD2-9DCA-5BB7927BFE8E}.Release|Any CPU.ActiveCfg = Release|Any CPU
		{C7F89FB1-2823-4BD2-9DCA-5BB7927BFE8E}.Release|Any CPU.Build.0 = Release|Any CPU
	EndGlobalSection
	GlobalSection(SolutionProperties) = preSolution
		HideSolutionNode = FALSE
	EndGlobalSection
	GlobalSection(ExtensibilityGlobals) = postSolution
		SolutionGuid = {ACD33917-0EAA-4FA5-8827-BB4130B755BA}
	EndGlobalSection
EndGlobal
